{
  "version": 4,
  "terraform_version": "1.14.5",
  "serial": 20,
  "lineage": "e07814e9-012f-290f-a339-8da4cc96ff5c",
  "outputs": {},
  "resources": [
    {
      "mode": "managed",
      "type": "aws_instance",
      "name": "strapi_server",
      "provider": "provider[\"registry.terraform.io/hashicorp/aws\"]",
      "instances": [
        {
          "schema_version": 2,
          "attributes": {
            "ami": "ami-0b6c6ebed2801a5cb",
            "arn": "arn:aws:ec2:us-east-1:811738710312:instance/i-081903a258fbabb68",
            "associate_public_ip_address": true,
            "availability_zone": "us-east-1c",
            "capacity_reservation_specification": [
              {
                "capacity_reservation_preference": "open",
                "capacity_reservation_target": []
              }
            ],
            "cpu_options": [
              {
                "amd_sev_snp": "",
                "core_count": 1,
                "threads_per_core": 1
              }
            ],
            "credit_specification": [
              {
                "cpu_credits": "standard"
              }
            ],
            "disable_api_stop": false,
            "disable_api_termination": false,
            "ebs_block_device": [],
            "ebs_optimized": false,
            "enable_primary_ipv6": null,
            "enclave_options": [
              {
                "enabled": false
              }
            ],
            "ephemeral_block_device": [],
            "force_destroy": false,
            "get_password_data": false,
            "hibernation": false,
            "host_id": "",
            "host_resource_group_arn": null,
            "iam_instance_profile": "",
            "id": "i-081903a258fbabb68",
            "instance_initiated_shutdown_behavior": "stop",
            "instance_lifecycle": "",
            "instance_market_options": [],
            "instance_state": "running",
            "instance_type": "t2.micro",
            "ipv6_address_count": 0,
            "ipv6_addresses": [],
            "key_name": "strapi-ec2",
            "launch_template": [],
            "maintenance_options": [
              {
                "auto_recovery": "default"
              }
            ],
            "metadata_options": [
              {
                "http_endpoint": "enabled",
                "http_protocol_ipv6": "disabled",
                "http_put_response_hop_limit": 2,
                "http_tokens": "required",
                "instance_metadata_tags": "disabled"
              }
            ],
            "monitoring": false,
            "network_interface": [],
            "outpost_arn": "",
            "password_data": "",
            "placement_group": "",
            "placement_group_id": "",
            "placement_partition_number": 0,
            "primary_network_interface": [
              {
                "delete_on_termination": true,
                "network_interface_id": "eni-0fd7e0d6cf67f2ada"
              }
            ],
            "primary_network_interface_id": "eni-0fd7e0d6cf67f2ada",
            "private_dns": "ip-172-31-30-10.ec2.internal",
            "private_dns_name_options": [
              {
                "enable_resource_name_dns_a_record": false,
                "enable_resource_name_dns_aaaa_record": false,
                "hostname_type": "ip-name"
              }
            ],
            "private_ip": "172.31.30.10",
            "public_dns": "ec2-34-235-87-149.compute-1.amazonaws.com",
            "public_ip": "34.235.87.149",
            "region": "us-east-1",
            "root_block_device": [
              {
                "delete_on_termination": true,
                "device_name": "/dev/sda1",
                "encrypted": false,
                "iops": 3000,
                "kms_key_id": "",
                "tags": {},
                "tags_all": {},
                "throughput": 125,
                "volume_id": "vol-0d29854567259a7cb",
                "volume_size": 8,
                "volume_type": "gp3"
              }
            ],
            "secondary_network_interface": [],
            "secondary_private_ips": [],
            "security_groups": [
              "strapi-security-group"
            ],
            "source_dest_check": true,
            "spot_instance_request_id": "",
            "subnet_id": "subnet-0623ab3807e8e0f73",
            "tags": {
              "Name": "Strapi-Docker-Server"
            },
            "tags_all": {
              "Name": "Strapi-Docker-Server"
            },
            "tenancy": "default",
            "timeouts": null,
            "user_data": "#!/bin/bash\n\nsudo apt update -y\nsudo apt install -y docker.io\n\nsudo systemctl start docker\nsudo systemctl enable docker\n\nsudo docker pull libin07/my-strapi-app\n\nsudo docker run -d -p 1337:1337 libin07/my-strapi-app\n",
            "user_data_base64": null,
            "user_data_replace_on_change": false,
            "volume_tags": null,
            "vpc_security_group_ids": [
              "sg-0d36256a639bdacd6"
            ]
          },
          "sensitive_attributes": [],
          "identity_schema_version": 0,
          "identity": {
            "account_id": "811738710312",
            "id": "i-081903a258fbabb68",
            "region": "us-east-1"
          },
          "private": "eyJlMmJmYjczMC1lY2FhLTExZTYtOGY4OC0zNDM2M2JjN2M0YzAiOnsiY3JlYXRlIjo2MDAwMDAwMDAwMDAsImRlbGV0ZSI6MTIwMDAwMDAwMDAwMCwicmVhZCI6OTAwMDAwMDAwMDAwLCJ1cGRhdGUiOjYwMDAwMDAwMDAwMH0sInNjaGVtYV92ZXJzaW9uIjoiMiJ9",
          "dependencies": [
            "aws_key_pair.strapi_key",
            "aws_security_group.strapi_sg"
          ]
        }
      ]
    },
    {
      "mode": "managed",
      "type": "aws_key_pair",
      "name": "strapi_key",
      "provider": "provider[\"registry.terraform.io/hashicorp/aws\"]",
      "instances": [
        {
          "schema_version": 1,
          "attributes": {
            "arn": "arn:aws:ec2:us-east-1:811738710312:key-pair/strapi-ec2",
            "fingerprint": "bf:a0:c0:08:f4:b9:1c:02:8e:9a:fe:70:f2:53:21:ea",
            "id": "strapi-ec2",
            "key_name": "strapi-ec2",
            "key_name_prefix": "",
            "key_pair_id": "key-09bb39bd891b5eb35",
            "key_type": "rsa",
            "public_key": "ssh-rsa AAAAB3NzaC1yc2EAAAADAQABAAACAQDzRz238l2QJ7iBgVLKT2UgagP61MzB+/H2u8QUfrzq55EruqQ07405x6q7oYpgrkpeEU0r6knwggVc/NldPWgrh8nKpAuEl0PQihJSmtLTNL2WVu1qpRGjIvm6HKm7JRSJbgXKSZoXAliUXgVNLwFtHelaOozg69oHmF3frPtTz3gnToSbmI9TXd2sdf8JNK0tn17sAuuLdvrQh9cbCeBZv9Ammy4rB7x6spdDNQJ4+jsfNp94T8YkFhLNQvKx0hQGzTNUvippFZhX87IuEYgypg87o23xKSpnxpMWMxcVqW+2Yyq0vZRp5ByMHhPw8P9s4O5oSfZyYkga40cVGSrFMptoginx96I5OObTHk1oEWS3yV9Hz2CxFHqIv1X1GcrTwiy+gHBgZ1bMWx1CSHa3PaVeG1Vy0WfB73/S1ez1X0JxbaCEJLN6tltN+laKNSWnwGPlMdXsZYMakzVXyp+jWFMahbovRrqZPt7TfM//cTTUfVxTEUwRHn5hsucEP8k6OCysKB3G2fAxficAZ0a3HQKhK2qtLfjY06gSCcxAK2KnOKqpVMZNzgiM3HDcB70sXX5o2AJzNFWGxTPPO9oYeScKCe9a+KM5u1o1VgLeMdfJKN2O8lptjF4rpfzlq2kx89+i/ehFjYqJzXDjDT25fjX0v2Ghqxki5yx2PShxOQ== libin@libin",
            "region": "us-east-1",
            "tags": null,
            "tags_all": {}
          },
          "sensitive_attributes": [],
          "identity_schema_version": 0,
          "private": "eyJzY2hlbWFfdmVyc2lvbiI6IjEifQ=="
        }
      ]
    },
    {
      "mode": "managed",
      "type": "aws_security_group",
      "name": "strapi_sg",
      "provider": "provider[\"registry.terraform.io/hashicorp/aws\"]",
      "instances": [
        {
          "schema_version": 1,
          "attributes": {
            "arn": "arn:aws:ec2:us-east-1:811738710312:security-group/sg-0d36256a639bdacd6",
            "description": "Allow SSH and Strapi",
            "egress": [
              {
                "cidr_blocks": [
                  "0.0.0.0/0"
                ],
                "description": "",
                "from_port": 0,
                "ipv6_cidr_blocks": [],
                "prefix_list_ids": [],
                "protocol": "-1",
                "security_groups": [],
                "self": false,
                "to_port": 0
              }
            ],
            "id": "sg-0d36256a639bdacd6",
            "ingress": [
              {
                "cidr_blocks": [
                  "0.0.0.0/0"
                ],
                "description": "SSH from my IP",
                "from_port": 22,
                "ipv6_cidr_blocks": [],
                "prefix_list_ids": [],
                "protocol": "tcp",
                "security_groups": [],
                "self": false,
                "to_port": 22
              },
              {
                "cidr_blocks": [
                  "0.0.0.0/0"
                ],
                "description": "Strapi",
                "from_port": 1337,
                "ipv6_cidr_blocks": [],
                "prefix_list_ids": [],
                "protocol": "tcp",
                "security_groups": [],
                "self": false,
                "to_port": 1337
              }
            ],
            "name": "strapi-security-group",
            "name_prefix": "",
            "owner_id": "811738710312",
            "region": "us-east-1",
            "revoke_rules_on_delete": false,
            "tags": null,
            "tags_all": {},
            "timeouts": null,
            "vpc_id": "vpc-01f07742b1072b8ab"
          },
          "sensitive_attributes": [],
          "identity_schema_version": 0,
          "identity": {
            "account_id": "811738710312",
            "id": "sg-0d36256a639bdacd6",
            "region": "us-east-1"
          },
          "private": "eyJlMmJmYjczMC1lY2FhLTExZTYtOGY4OC0zNDM2M2JjN2M0YzAiOnsiY3JlYXRlIjo2MDAwMDAwMDAwMDAsImRlbGV0ZSI6OTAwMDAwMDAwMDAwfSwic2NoZW1hX3ZlcnNpb24iOiIxIn0="
        }
      ]
    }
  ],
  "check_results": null
}
